
Microsoft Visual Studio Solution File, Format Version 12.00
# Visual Studio 2013
VisualStudioVersion = 12.0.30501.0
MinimumVisualStudioVersion = 10.0.40219.1
Project("{FAE04EC0-301F-11D3-BF4B-00C04F79EFBC}") = "Snake", "Snake\Snake.csproj", "{262040B2-E296-4DBD-8783-B83B8A5E5348}"
EndProject
Project("{FAE04EC0-301F-11D3-BF4B-00C04F79EFBC}") = "Clases", "Clases\Clases.csproj", "{4F5C6F58-FE06-41D8-938A-CAA58946929E}"
EndProject
Global
	GlobalSection(SolutionConfigurationPlatforms) = preSolution
		Debug|Any CPU = Debug|Any CPU
		Release|Any CPU = Release|Any CPU
	EndGlobalSection
	GlobalSection(ProjectConfigurationPlatforms) = postSolution
		{262040B2-E296-4DBD-8783-B83B8A5E5348}.Debug|Any CPU.ActiveCfg = Debug|Any CPU
		{262040B2-E296-4DBD-8783-B83B8A5E5348}.Debug|Any CPU.Build.0 = Debug|Any CPU
		{262040B2-E296-4DBD-8783-B83B8A5E5348}.Release|Any CPU.ActiveCfg = Release|Any CPU
		{262040B2-E296-4DBD-8783-B83B8A5E5348}.Release|Any CPU.Build.0 = Release|Any CPU
		{4F5C6F58-FE06-41D8-938A-CAA58946929E}.Debug|Any CPU.ActiveCfg = Debug|Any CPU
		{4F5C6F58-FE06-41D8-938A-CAA58946929E}.Debug|Any CPU.Build.0 = Debug|Any CPU
		{4F5C6F58-FE06-41D8-938A-CAA58946929E}.Release|Any CPU.ActiveCfg = Release|Any CPU
		{4F5C6F58-FE06-41D8-938A-CAA58946929E}.Release|Any CPU.Build.0 = Release|Any CPU
	EndGlobalSection
	GlobalSection(SolutionProperties) = preSolution
		HideSolutionNode = FALSE
	EndGlobalSection
EndGlobal
